
Microsoft Visual Studio Solution File, Format Version 12.00
# Visual Studio 15
VisualStudioVersion = 15.0.28307.1169
MinimumVisualStudioVersion = 10.0.40219.1
Project("{FAE04EC0-301F-11D3-BF4B-00C04F79EFBC}") = "PersonnelApp.Entity", "PersonnelApp.Entity\PersonnelApp.Entity.csproj", "{C6B37F85-D4BD-4BC7-81E4-DDB5AF88D0EE}"
EndProject
Project("{FAE04EC0-301F-11D3-BF4B-00C04F79EFBC}") = "PersonnelApp.DAL", "PersonnelApp.DAL\PersonnelApp.DAL.csproj", "{686B9EC1-C9C9-473C-9D3E-479BB471C866}"
EndProject
Project("{FAE04EC0-301F-11D3-BF4B-00C04F79EFBC}") = "PersonnelApp.Console.UI", "PersonnelApp.Console.UI\PersonnelApp.Console.UI.csproj", "{38076DB5-E19C-4AB6-A676-ADE5B09FE456}"
EndProject
Global
	GlobalSection(SolutionConfigurationPlatforms) = preSolution
		Debug|Any CPU = Debug|Any CPU
		Release|Any CPU = Release|Any CPU
	EndGlobalSection
	GlobalSection(ProjectConfigurationPlatforms) = postSolution
		{C6B37F85-D4BD-4BC7-81E4-DDB5AF88D0EE}.Debug|Any CPU.ActiveCfg = Debug|Any CPU
		{C6B37F85-D4BD-4BC7-81E4-DDB5AF88D0EE}.Debug|Any CPU.Build.0 = Debug|Any CPU
		{C6B37F85-D4BD-4BC7-81E4-DDB5AF88D0EE}.Release|Any CPU.ActiveCfg = Release|Any CPU
		{C6B37F85-D4BD-4BC7-81E4-DDB5AF88D0EE}.Release|Any CPU.Build.0 = Release|Any CPU
		{686B9EC1-C9C9-473C-9D3E-479BB471C866}.Debug|Any CPU.ActiveCfg = Debug|Any CPU
		{686B9EC1-C9C9-473C-9D3E-479BB471C866}.Debug|Any CPU.Build.0 = Debug|Any CPU
		{686B9EC1-C9C9-473C-9D3E-479BB471C866}.Release|Any CPU.ActiveCfg = Release|Any CPU
		{686B9EC1-C9C9-473C-9D3E-479BB471C866}.Release|Any CPU.Build.0 = Release|Any CPU
		{38076DB5-E19C-4AB6-A676-ADE5B09FE456}.Debug|Any CPU.ActiveCfg = Debug|Any CPU
		{38076DB5-E19C-4AB6-A676-ADE5B09FE456}.Debug|Any CPU.Build.0 = Debug|Any CPU
		{38076DB5-E19C-4AB6-A676-ADE5B09FE456}.Release|Any CPU.ActiveCfg = Release|Any CPU
		{38076DB5-E19C-4AB6-A676-ADE5B09FE456}.Release|Any CPU.Build.0 = Release|Any CPU
	EndGlobalSection
	GlobalSection(SolutionProperties) = preSolution
		HideSolutionNode = FALSE
	EndGlobalSection
	GlobalSection(ExtensibilityGlobals) = postSolution
		SolutionGuid = {4A72D79E-C0DA-452F-B1EF-6C5F996DE3F7}
	EndGlobalSection
EndGlobal
